
Microsoft Visual Studio Solution File, Format Version 12.00
# Visual Studio Version 17
VisualStudioVersion = 17.7.34003.232
MinimumVisualStudioVersion = 10.0.40219.1
Project("{9A19103F-16F7-4668-BE54-9A1E7A4F7556}") = "Billine.Admin.Api", "Billine.Admin.Api\Billine.Admin.Api.csproj", "{961CF942-8432-4B4A-B17C-7F179BCD5362}"
EndProject
Project("{9A19103F-16F7-4668-BE54-9A1E7A4F7556}") = "Billine.Admin.Domain", "Billine.Admin.Domain\Billine.Admin.Domain.csproj", "{89E829B7-B33E-48E8-8725-F1CD051CBDAB}"
EndProject
Project("{9A19103F-16F7-4668-BE54-9A1E7A4F7556}") = "Billine.Admin.Infrastructure", "Billine.Admin.Infrastructure\Billine.Admin.Infrastructure.csproj", "{A948C316-B60B-4EDA-B89B-DBA2B783ED4A}"
EndProject
Project("{9A19103F-16F7-4668-BE54-9A1E7A4F7556}") = "Billine.Admin.Application", "Billine.Admin.Application\Billine.Admin.Application.csproj", "{F76F10A4-66FF-4BEB-9704-91BA5B406B03}"
EndProject
Project("{9A19103F-16F7-4668-BE54-9A1E7A4F7556}") = "Billine.Admin.Contracts", "Billine.Admin.Contracts\Billine.Admin.Contracts.csproj", "{B0E0E88E-24E1-4E8E-A747-18FD5CC66D3F}"
EndProject
Global
	GlobalSection(SolutionConfigurationPlatforms) = preSolution
		Debug|Any CPU = Debug|Any CPU
		Release|Any CPU = Release|Any CPU
	EndGlobalSection
	GlobalSection(ProjectConfigurationPlatforms) = postSolution
		{961CF942-8432-4B4A-B17C-7F179BCD5362}.Debug|Any CPU.ActiveCfg = Debug|Any CPU
		{961CF942-8432-4B4A-B17C-7F179BCD5362}.Debug|Any CPU.Build.0 = Debug|Any CPU
		{961CF942-8432-4B4A-B17C-7F179BCD5362}.Release|Any CPU.ActiveCfg = Release|Any CPU
		{961CF942-8432-4B4A-B17C-7F179BCD5362}.Release|Any CPU.Build.0 = Release|Any CPU
		{89E829B7-B33E-48E8-8725-F1CD051CBDAB}.Debug|Any CPU.ActiveCfg = Debug|Any CPU
		{89E829B7-B33E-48E8-8725-F1CD051CBDAB}.Debug|Any CPU.Build.0 = Debug|Any CPU
		{89E829B7-B33E-48E8-8725-F1CD051CBDAB}.Release|Any CPU.ActiveCfg = Release|Any CPU
		{89E829B7-B33E-48E8-8725-F1CD051CBDAB}.Release|Any CPU.Build.0 = Release|Any CPU
		{A948C316-B60B-4EDA-B89B-DBA2B783ED4A}.Debug|Any CPU.ActiveCfg = Debug|Any CPU
		{A948C316-B60B-4EDA-B89B-DBA2B783ED4A}.Debug|Any CPU.Build.0 = Debug|Any CPU
		{A948C316-B60B-4EDA-B89B-DBA2B783ED4A}.Release|Any CPU.ActiveCfg = Release|Any CPU
		{A948C316-B60B-4EDA-B89B-DBA2B783ED4A}.Release|Any CPU.Build.0 = Release|Any CPU
		{F76F10A4-66FF-4BEB-9704-91BA5B406B03}.Debug|Any CPU.ActiveCfg = Debug|Any CPU
		{F76F10A4-66FF-4BEB-9704-91BA5B406B03}.Debug|Any CPU.Build.0 = Debug|Any CPU
		{F76F10A4-66FF-4BEB-9704-91BA5B406B03}.Release|Any CPU.ActiveCfg = Release|Any CPU
		{F76F10A4-66FF-4BEB-9704-91BA5B406B03}.Release|Any CPU.Build.0 = Release|Any CPU
		{B0E0E88E-24E1-4E8E-A747-18FD5CC66D3F}.Debug|Any CPU.ActiveCfg = Debug|Any CPU
		{B0E0E88E-24E1-4E8E-A747-18FD5CC66D3F}.Debug|Any CPU.Build.0 = Debug|Any CPU
		{B0E0E88E-24E1-4E8E-A747-18FD5CC66D3F}.Release|Any CPU.ActiveCfg = Release|Any CPU
		{B0E0E88E-24E1-4E8E-A747-18FD5CC66D3F}.Release|Any CPU.Build.0 = Release|Any CPU
	EndGlobalSection
	GlobalSection(SolutionProperties) = preSolution
		HideSolutionNode = FALSE
	EndGlobalSection
	GlobalSection(ExtensibilityGlobals) = postSolution
		SolutionGuid = {49501045-D8A7-40F7-98B6-D3F4B00FB20C}
	EndGlobalSection
EndGlobal
